
Microsoft Visual Studio Solution File, Format Version 12.00
# Visual Studio 15
VisualStudioVersion = 15.0.28307.136
MinimumVisualStudioVersion = 10.0.40219.1
Project("{FAE04EC0-301F-11D3-BF4B-00C04F79EFBC}") = "Auth", "Auth\Auth.csproj", "{CC2D284A-8380-4F23-8F3D-F6BEBF8DB3B8}"
EndProject
Project("{FAE04EC0-301F-11D3-BF4B-00C04F79EFBC}") = "MVCWeb", "MVCWeb\MVCWeb.csproj", "{7978E46A-6F64-4939-9BE8-E631D43ABE6D}"
EndProject
Project("{FAE04EC0-301F-11D3-BF4B-00C04F79EFBC}") = "RazorWeb", "RazorWeb\RazorWeb.csproj", "{228F3B12-4B04-4FFC-9B48-4943B8D810E2}"
EndProject
Project("{FAE04EC0-301F-11D3-BF4B-00C04F79EFBC}") = "API1", "API1\API1.csproj", "{412FB814-FC7E-4150-B553-19A406780E2C}"
EndProject
Project("{FAE04EC0-301F-11D3-BF4B-00C04F79EFBC}") = "API2", "API2\API2.csproj", "{75A84175-E235-465E-81DF-2CC6A6744109}"
EndProject
Project("{FAE04EC0-301F-11D3-BF4B-00C04F79EFBC}") = "AngularWeb", "AngularWeb\AngularWeb.csproj", "{573F49A8-A122-4368-A9E8-5E88F2E0CF28}"
EndProject
Project("{E53339B2-1760-4266-BCC7-CA923CBCF16C}") = "docker-compose", "docker-compose.dcproj", "{D5C5035E-366E-443E-9C59-F1A3FBA5445C}"
EndProject
Global
	GlobalSection(SolutionConfigurationPlatforms) = preSolution
		Debug|Any CPU = Debug|Any CPU
		Release|Any CPU = Release|Any CPU
	EndGlobalSection
	GlobalSection(ProjectConfigurationPlatforms) = postSolution
		{CC2D284A-8380-4F23-8F3D-F6BEBF8DB3B8}.Debug|Any CPU.ActiveCfg = Debug|Any CPU
		{CC2D284A-8380-4F23-8F3D-F6BEBF8DB3B8}.Debug|Any CPU.Build.0 = Debug|Any CPU
		{CC2D284A-8380-4F23-8F3D-F6BEBF8DB3B8}.Release|Any CPU.ActiveCfg = Release|Any CPU
		{CC2D284A-8380-4F23-8F3D-F6BEBF8DB3B8}.Release|Any CPU.Build.0 = Release|Any CPU
		{7978E46A-6F64-4939-9BE8-E631D43ABE6D}.Debug|Any CPU.ActiveCfg = Debug|Any CPU
		{7978E46A-6F64-4939-9BE8-E631D43ABE6D}.Debug|Any CPU.Build.0 = Debug|Any CPU
		{7978E46A-6F64-4939-9BE8-E631D43ABE6D}.Release|Any CPU.ActiveCfg = Release|Any CPU
		{7978E46A-6F64-4939-9BE8-E631D43ABE6D}.Release|Any CPU.Build.0 = Release|Any CPU
		{228F3B12-4B04-4FFC-9B48-4943B8D810E2}.Debug|Any CPU.ActiveCfg = Debug|Any CPU
		{228F3B12-4B04-4FFC-9B48-4943B8D810E2}.Debug|Any CPU.Build.0 = Debug|Any CPU
		{228F3B12-4B04-4FFC-9B48-4943B8D810E2}.Release|Any CPU.ActiveCfg = Release|Any CPU
		{228F3B12-4B04-4FFC-9B48-4943B8D810E2}.Release|Any CPU.Build.0 = Release|Any CPU
		{412FB814-FC7E-4150-B553-19A406780E2C}.Debug|Any CPU.ActiveCfg = Debug|Any CPU
		{412FB814-FC7E-4150-B553-19A406780E2C}.Debug|Any CPU.Build.0 = Debug|Any CPU
		{412FB814-FC7E-4150-B553-19A406780E2C}.Release|Any CPU.ActiveCfg = Release|Any CPU
		{412FB814-FC7E-4150-B553-19A406780E2C}.Release|Any CPU.Build.0 = Release|Any CPU
		{75A84175-E235-465E-81DF-2CC6A6744109}.Debug|Any CPU.ActiveCfg = Debug|Any CPU
		{75A84175-E235-465E-81DF-2CC6A6744109}.Debug|Any CPU.Build.0 = Debug|Any CPU
		{75A84175-E235-465E-81DF-2CC6A6744109}.Release|Any CPU.ActiveCfg = Release|Any CPU
		{75A84175-E235-465E-81DF-2CC6A6744109}.Release|Any CPU.Build.0 = Release|Any CPU
		{573F49A8-A122-4368-A9E8-5E88F2E0CF28}.Debug|Any CPU.ActiveCfg = Debug|Any CPU
		{573F49A8-A122-4368-A9E8-5E88F2E0CF28}.Debug|Any CPU.Build.0 = Debug|Any CPU
		{573F49A8-A122-4368-A9E8-5E88F2E0CF28}.Release|Any CPU.ActiveCfg = Release|Any CPU
		{573F49A8-A122-4368-A9E8-5E88F2E0CF28}.Release|Any CPU.Build.0 = Release|Any CPU
		{D5C5035E-366E-443E-9C59-F1A3FBA5445C}.Debug|Any CPU.ActiveCfg = Debug|Any CPU
		{D5C5035E-366E-443E-9C59-F1A3FBA5445C}.Debug|Any CPU.Build.0 = Debug|Any CPU
		{D5C5035E-366E-443E-9C59-F1A3FBA5445C}.Release|Any CPU.ActiveCfg = Release|Any CPU
		{D5C5035E-366E-443E-9C59-F1A3FBA5445C}.Release|Any CPU.Build.0 = Release|Any CPU
	EndGlobalSection
	GlobalSection(SolutionProperties) = preSolution
		HideSolutionNode = FALSE
	EndGlobalSection
	GlobalSection(ExtensibilityGlobals) = postSolution
		SolutionGuid = {A4B6E7A1-8C4F-4364-B68F-3D37D09EC006}
	EndGlobalSection
EndGlobal
